// !$*UTF8*$!
{
	archiveVersion = 1;
	classes = {
	};
	objectVersion = 46;
	objects = {

/* Begin PBXBuildFile section */
		CC3917251D72E555005393BA /* Constants.swift in Sources */ = {isa = PBXBuildFile; fileRef = CC3917241D72E555005393BA /* Constants.swift */; };
		CC3917321D72E68B005393BA /* FiraSans-Bold.ttf in Resources */ = {isa = PBXBuildFile; fileRef = CC3917291D72E68B005393BA /* FiraSans-Bold.ttf */; };
		CC3917331D72E68B005393BA /* FiraSans-BoldItalic.ttf in Resources */ = {isa = PBXBuildFile; fileRef = CC39172A1D72E68B005393BA /* FiraSans-BoldItalic.ttf */; };
		CC3917341D72E68B005393BA /* FiraSans-Italic.ttf in Resources */ = {isa = PBXBuildFile; fileRef = CC39172B1D72E68B005393BA /* FiraSans-Italic.ttf */; };
		CC3917351D72E68B005393BA /* FiraSans-Light.ttf in Resources */ = {isa = PBXBuildFile; fileRef = CC39172C1D72E68B005393BA /* FiraSans-Light.ttf */; };
		CC3917361D72E68B005393BA /* FiraSans-LightItalic.ttf in Resources */ = {isa = PBXBuildFile; fileRef = CC39172D1D72E68B005393BA /* FiraSans-LightItalic.ttf */; };
		CC3917371D72E68B005393BA /* FiraSans-Medium.ttf in Resources */ = {isa = PBXBuildFile; fileRef = CC39172E1D72E68B005393BA /* FiraSans-Medium.ttf */; };
		CC3917381D72E68B005393BA /* FiraSans-MediumItalic.ttf in Resources */ = {isa = PBXBuildFile; fileRef = CC39172F1D72E68B005393BA /* FiraSans-MediumItalic.ttf */; };
		CC3917391D72E68B005393BA /* FiraSans-Regular.ttf in Resources */ = {isa = PBXBuildFile; fileRef = CC3917301D72E68B005393BA /* FiraSans-Regular.ttf */; };
		CC39173A1D72E68B005393BA /* OFL.txt in Resources */ = {isa = PBXBuildFile; fileRef = CC3917311D72E68B005393BA /* OFL.txt */; };
		CC39173C1D72EBBA005393BA /* RegistrationController.swift in Sources */ = {isa = PBXBuildFile; fileRef = CC39173B1D72EBBA005393BA /* RegistrationController.swift */; };
		CC39173E1D7316F5005393BA /* RegistrationController+SetupLayout.swift in Sources */ = {isa = PBXBuildFile; fileRef = CC39173D1D7316F5005393BA /* RegistrationController+SetupLayout.swift */; };
		CC5123BE1D72B6F600C8CC7A /* AppDelegate.swift in Sources */ = {isa = PBXBuildFile; fileRef = CC5123BD1D72B6F600C8CC7A /* AppDelegate.swift */; };
		CC5123C01D72B6F600C8CC7A /* HomeController.swift in Sources */ = {isa = PBXBuildFile; fileRef = CC5123BF1D72B6F600C8CC7A /* HomeController.swift */; };
		CC5123C61D72B6F600C8CC7A /* Babbel.xcdatamodeld in Sources */ = {isa = PBXBuildFile; fileRef = CC5123C41D72B6F600C8CC7A /* Babbel.xcdatamodeld */; };
		CC5123C81D72B6F600C8CC7A /* Assets.xcassets in Resources */ = {isa = PBXBuildFile; fileRef = CC5123C71D72B6F600C8CC7A /* Assets.xcassets */; };
		CC5123CB1D72B6F600C8CC7A /* LaunchScreen.storyboard in Resources */ = {isa = PBXBuildFile; fileRef = CC5123C91D72B6F600C8CC7A /* LaunchScreen.storyboard */; };
/* End PBXBuildFile section */

/* Begin PBXFileReference section */
		CC3917241D72E555005393BA /* Constants.swift */ = {isa = PBXFileReference; fileEncoding = 4; lastKnownFileType = sourcecode.swift; path = Constants.swift; sourceTree = "<group>"; };
		CC3917291D72E68B005393BA /* FiraSans-Bold.ttf */ = {isa = PBXFileReference; lastKnownFileType = file; path = "FiraSans-Bold.ttf"; sourceTree = "<group>"; };
		CC39172A1D72E68B005393BA /* FiraSans-BoldItalic.ttf */ = {isa = PBXFileReference; lastKnownFileType = file; path = "FiraSans-BoldItalic.ttf"; sourceTree = "<group>"; };
		CC39172B1D72E68B005393BA /* FiraSans-Italic.ttf */ = {isa = PBXFileReference; lastKnownFileType = file; path = "FiraSans-Italic.ttf"; sourceTree = "<group>"; };
		CC39172C1D72E68B005393BA /* FiraSans-Light.ttf */ = {isa = PBXFileReference; lastKnownFileType = file; path = "FiraSans-Light.ttf"; sourceTree = "<group>"; };
		CC39172D1D72E68B005393BA /* FiraSans-LightItalic.ttf */ = {isa = PBXFileReference; lastKnownFileType = file; path = "FiraSans-LightItalic.ttf"; sourceTree = "<group>"; };
		CC39172E1D72E68B005393BA /* FiraSans-Medium.ttf */ = {isa = PBXFileReference; lastKnownFileType = file; path = "FiraSans-Medium.ttf"; sourceTree = "<group>"; };
		CC39172F1D72E68B005393BA /* FiraSans-MediumItalic.ttf */ = {isa = PBXFileReference; lastKnownFileType = file; path = "FiraSans-MediumItalic.ttf"; sourceTree = "<group>"; };
		CC3917301D72E68B005393BA /* FiraSans-Regular.ttf */ = {isa = PBXFileReference; lastKnownFileType = file; path = "FiraSans-Regular.ttf"; sourceTree = "<group>"; };
		CC3917311D72E68B005393BA /* OFL.txt */ = {isa = PBXFileReference; fileEncoding = 4; lastKnownFileType = text; path = OFL.txt; sourceTree = "<group>"; };
		CC39173B1D72EBBA005393BA /* RegistrationController.swift */ = {isa = PBXFileReference; fileEncoding = 4; lastKnownFileType = sourcecode.swift; path = RegistrationController.swift; sourceTree = "<group>"; };
		CC39173D1D7316F5005393BA /* RegistrationController+SetupLayout.swift */ = {isa = PBXFileReference; fileEncoding = 4; lastKnownFileType = sourcecode.swift; path = "RegistrationController+SetupLayout.swift"; sourceTree = "<group>"; };
		CC5123BA1D72B6F600C8CC7A /* Babbel.app */ = {isa = PBXFileReference; explicitFileType = wrapper.application; includeInIndex = 0; path = Babbel.app; sourceTree = BUILT_PRODUCTS_DIR; };
		CC5123BD1D72B6F600C8CC7A /* AppDelegate.swift */ = {isa = PBXFileReference; lastKnownFileType = sourcecode.swift; path = AppDelegate.swift; sourceTree = "<group>"; };
		CC5123BF1D72B6F600C8CC7A /* HomeController.swift */ = {isa = PBXFileReference; lastKnownFileType = sourcecode.swift; path = HomeController.swift; sourceTree = "<group>"; };
		CC5123C51D72B6F600C8CC7A /* Babbel.xcdatamodel */ = {isa = PBXFileReference; lastKnownFileType = wrapper.xcdatamodel; path = Babbel.xcdatamodel; sourceTree = "<group>"; };
		CC5123C71D72B6F600C8CC7A /* Assets.xcassets */ = {isa = PBXFileReference; lastKnownFileType = folder.assetcatalog; path = Assets.xcassets; sourceTree = "<group>"; };
		CC5123CA1D72B6F600C8CC7A /* Base */ = {isa = PBXFileReference; lastKnownFileType = file.storyboard; name = Base; path = Base.lproj/LaunchScreen.storyboard; sourceTree = "<group>"; };
		CC5123CC1D72B6F600C8CC7A /* Info.plist */ = {isa = PBXFileReference; lastKnownFileType = text.plist.xml; path = Info.plist; sourceTree = "<group>"; };
/* End PBXFileReference section */

/* Begin PBXFrameworksBuildPhase section */
		CC5123B71D72B6F600C8CC7A /* Frameworks */ = {
			isa = PBXFrameworksBuildPhase;
			buildActionMask = 2147483647;
			files = (
			);
			runOnlyForDeploymentPostprocessing = 0;
		};
/* End PBXFrameworksBuildPhase section */

/* Begin PBXGroup section */
		CC3917231D72E547005393BA /* Helpers */ = {
			isa = PBXGroup;
			children = (
				CC3917241D72E555005393BA /* Constants.swift */,
			);
			name = Helpers;
			sourceTree = "<group>";
		};
		CC3917261D72E654005393BA /* Resources */ = {
			isa = PBXGroup;
			children = (
				CC5123C71D72B6F600C8CC7A /* Assets.xcassets */,
				CC3917271D72E676005393BA /* Fonts */,
			);
			name = Resources;
			sourceTree = "<group>";
		};
		CC3917271D72E676005393BA /* Fonts */ = {
			isa = PBXGroup;
			children = (
				CC3917281D72E68B005393BA /* Fira Sans */,
			);
			name = Fonts;
			sourceTree = "<group>";
		};
		CC3917281D72E68B005393BA /* Fira Sans */ = {
			isa = PBXGroup;
			children = (
				CC3917291D72E68B005393BA /* FiraSans-Bold.ttf */,
				CC39172A1D72E68B005393BA /* FiraSans-BoldItalic.ttf */,
				CC39172B1D72E68B005393BA /* FiraSans-Italic.ttf */,
				CC39172C1D72E68B005393BA /* FiraSans-Light.ttf */,
				CC39172D1D72E68B005393BA /* FiraSans-LightItalic.ttf */,
				CC39172E1D72E68B005393BA /* FiraSans-Medium.ttf */,
				CC39172F1D72E68B005393BA /* FiraSans-MediumItalic.ttf */,
				CC3917301D72E68B005393BA /* FiraSans-Regular.ttf */,
				CC3917311D72E68B005393BA /* OFL.txt */,
			);
			path = "Fira Sans";
			sourceTree = "<group>";
		};
		CC3F388F1D72DB68009E4625 /* Controller */ = {
			isa = PBXGroup;
			children = (
				CC5123BF1D72B6F600C8CC7A /* HomeController.swift */,
				CC39173B1D72EBBA005393BA /* RegistrationController.swift */,
				CC39173D1D7316F5005393BA /* RegistrationController+SetupLayout.swift */,
			);
			name = Controller;
			sourceTree = "<group>";
		};
		CC3F38901D72DB92009E4625 /* Supporting Files */ = {
			isa = PBXGroup;
			children = (
				CC5123BD1D72B6F600C8CC7A /* AppDelegate.swift */,
				CC5123CC1D72B6F600C8CC7A /* Info.plist */,
			);
			name = "Supporting Files";
			sourceTree = "<group>";
		};
		CC3F38911D72DB9D009E4625 /* Model */ = {
			isa = PBXGroup;
			children = (
				CC5123C41D72B6F600C8CC7A /* Babbel.xcdatamodeld */,
			);
			name = Model;
			sourceTree = "<group>";
		};
		CC3F38921D72DBB6009E4625 /* View */ = {
			isa = PBXGroup;
			children = (
				CC5123C91D72B6F600C8CC7A /* LaunchScreen.storyboard */,
			);
			name = View;
			sourceTree = "<group>";
		};
		CC5123B11D72B6F600C8CC7A = {
			isa = PBXGroup;
			children = (
				CC5123BC1D72B6F600C8CC7A /* Babbel */,
				CC5123BB1D72B6F600C8CC7A /* Products */,
			);
			sourceTree = "<group>";
		};
		CC5123BB1D72B6F600C8CC7A /* Products */ = {
			isa = PBXGroup;
			children = (
				CC5123BA1D72B6F600C8CC7A /* Babbel.app */,
			);
			name = Products;
			sourceTree = "<group>";
		};
		CC5123BC1D72B6F600C8CC7A /* Babbel */ = {
			isa = PBXGroup;
			children = (
				CC3917261D72E654005393BA /* Resources */,
				CC3917231D72E547005393BA /* Helpers */,
				CC3F38901D72DB92009E4625 /* Supporting Files */,
				CC3F38911D72DB9D009E4625 /* Model */,
				CC3F38921D72DBB6009E4625 /* View */,
				CC3F388F1D72DB68009E4625 /* Controller */,
			);
			path = Babbel;
			sourceTree = "<group>";
		};
/* End PBXGroup section */

/* Begin PBXNativeTarget section */
		CC5123B91D72B6F600C8CC7A /* Babbel */ = {
			isa = PBXNativeTarget;
			buildConfigurationList = CC5123CF1D72B6F600C8CC7A /* Build configuration list for PBXNativeTarget "Babbel" */;
			buildPhases = (
				CC5123B61D72B6F600C8CC7A /* Sources */,
				CC5123B71D72B6F600C8CC7A /* Frameworks */,
				CC5123B81D72B6F600C8CC7A /* Resources */,
			);
			buildRules = (
			);
			dependencies = (
			);
			name = Babbel;
			productName = Babbel;
			productReference = CC5123BA1D72B6F600C8CC7A /* Babbel.app */;
			productType = "com.apple.product-type.application";
		};
/* End PBXNativeTarget section */

/* Begin PBXProject section */
		CC5123B21D72B6F600C8CC7A /* Project object */ = {
			isa = PBXProject;
			attributes = {
				LastSwiftUpdateCheck = 0730;
				LastUpgradeCheck = 0730;
				ORGANIZATIONNAME = "Raj Abishek";
				TargetAttributes = {
					CC5123B91D72B6F600C8CC7A = {
						CreatedOnToolsVersion = 7.3.1;
					};
				};
			};
			buildConfigurationList = CC5123B51D72B6F600C8CC7A /* Build configuration list for PBXProject "Babbel" */;
			compatibilityVersion = "Xcode 3.2";
			developmentRegion = English;
			hasScannedForEncodings = 0;
			knownRegions = (
				en,
				Base,
			);
			mainGroup = CC5123B11D72B6F600C8CC7A;
			productRefGroup = CC5123BB1D72B6F600C8CC7A /* Products */;
			projectDirPath = "";
			projectRoot = "";
			targets = (
				CC5123B91D72B6F600C8CC7A /* Babbel */,
			);
		};
/* End PBXProject section */

/* Begin PBXResourcesBuildPhase section */
		CC5123B81D72B6F600C8CC7A /* Resources */ = {
			isa = PBXResourcesBuildPhase;
			buildActionMask = 2147483647;
			files = (
				CC3917351D72E68B005393BA /* FiraSans-Light.ttf in Resources */,
				CC39173A1D72E68B005393BA /* OFL.txt in Resources */,
				CC3917321D72E68B005393BA /* FiraSans-Bold.ttf in Resources */,
				CC5123CB1D72B6F600C8CC7A /* LaunchScreen.storyboard in Resources */,
				CC3917331D72E68B005393BA /* FiraSans-BoldItalic.ttf in Resources */,
				CC3917381D72E68B005393BA /* FiraSans-MediumItalic.ttf in Resources */,
				CC3917371D72E68B005393BA /* FiraSans-Medium.ttf in Resources */,
				CC3917391D72E68B005393BA /* FiraSans-Regular.ttf in Resources */,
				CC3917341D72E68B005393BA /* FiraSans-Italic.ttf in Resources */,
				CC3917361D72E68B005393BA /* FiraSans-LightItalic.ttf in Resources */,
				CC5123C81D72B6F600C8CC7A /* Assets.xcassets in Resources */,
			);
			runOnlyForDeploymentPostprocessing = 0;
		};
/* End PBXResourcesBuildPhase section */

/* Begin PBXSourcesBuildPhase section */
		CC5123B61D72B6F600C8CC7A /* Sources */ = {
			isa = PBXSourcesBuildPhase;
			buildActionMask = 2147483647;
			files = (
				CC5123C01D72B6F600C8CC7A /* HomeController.swift in Sources */,
				CC5123BE1D72B6F600C8CC7A /* AppDelegate.swift in Sources */,
				CC5123C61D72B6F600C8CC7A /* Babbel.xcdatamodeld in Sources */,
				CC39173C1D72EBBA005393BA /* RegistrationController.swift in Sources */,
				CC39173E1D7316F5005393BA /* RegistrationController+SetupLayout.swift in Sources */,
				CC3917251D72E555005393BA /* Constants.swift in Sources */,
			);
			runOnlyForDeploymentPostprocessing = 0;
		};
/* End PBXSourcesBuildPhase section */

/* Begin PBXVariantGroup section */
		CC5123C91D72B6F600C8CC7A /* LaunchScreen.storyboard */ = {
			isa = PBXVariantGroup;
			children = (
				CC5123CA1D72B6F600C8CC7A /* Base */,
			);
			name = LaunchScreen.storyboard;
			sourceTree = "<group>";
		};
/* End PBXVariantGroup section */

/* Begin XCBuildConfiguration section */
		CC5123CD1D72B6F600C8CC7A /* Debug */ = {
			isa = XCBuildConfiguration;
			buildSettings = {
				ALWAYS_SEARCH_USER_PATHS = NO;
				CLANG_ANALYZER_NONNULL = YES;
				CLANG_CXX_LANGUAGE_STANDARD = "gnu++0x";
				CLANG_CXX_LIBRARY = "libc++";
				CLANG_ENABLE_MODULES = YES;
				CLANG_ENABLE_OBJC_ARC = YES;
				CLANG_WARN_BOOL_CONVERSION = YES;
				CLANG_WARN_CONSTANT_CONVERSION = YES;
				CLANG_WARN_DIRECT_OBJC_ISA_USAGE = YES_ERROR;
				CLANG_WARN_EMPTY_BODY = YES;
				CLANG_WARN_ENUM_CONVERSION = YES;
				CLANG_WARN_INT_CONVERSION = YES;
				CLANG_WARN_OBJC_ROOT_CLASS = YES_ERROR;
				CLANG_WARN_UNREACHABLE_CODE = YES;
				CLANG_WARN__DUPLICATE_METHOD_MATCH = YES;
				"CODE_SIGN_IDENTITY[sdk=iphoneos*]" = "iPhone Developer";
				COPY_PHASE_STRIP = NO;
				DEBUG_INFORMATION_FORMAT = dwarf;
				ENABLE_STRICT_OBJC_MSGSEND = YES;
				ENABLE_TESTABILITY = YES;
				GCC_C_LANGUAGE_STANDARD = gnu99;
				GCC_DYNAMIC_NO_PIC = NO;
				GCC_NO_COMMON_BLOCKS = YES;
				GCC_OPTIMIZATION_LEVEL = 0;
				GCC_PREPROCESSOR_DEFINITIONS = (
					"DEBUG=1",
					"$(inherited)",
				);
				GCC_WARN_64_TO_32_BIT_CONVERSION = YES;
				GCC_WARN_ABOUT_RETURN_TYPE = YES_ERROR;
				GCC_WARN_UNDECLARED_SELECTOR = YES;
				GCC_WARN_UNINITIALIZED_AUTOS = YES_AGGRESSIVE;
				GCC_WARN_UNUSED_FUNCTION = YES;
				GCC_WARN_UNUSED_VARIABLE = YES;
				IPHONEOS_DEPLOYMENT_TARGET = 9.3;
				MTL_ENABLE_DEBUG_INFO = YES;
				ONLY_ACTIVE_ARCH = YES;
				SDKROOT = iphoneos;
				SWIFT_OPTIMIZATION_LEVEL = "-Onone";
				TARGETED_DEVICE_FAMILY = "1,2";
			};
			name = Debug;
		};
		CC5123CE1D72B6F600C8CC7A /* Release */ = {
			isa = XCBuildConfiguration;
			buildSettings = {
				ALWAYS_SEARCH_USER_PATHS = NO;
				CLANG_ANALYZER_NONNULL = YES;
				CLANG_CXX_LANGUAGE_STANDARD = "gnu++0x";
				CLANG_CXX_LIBRARY = "libc++";
				CLANG_ENABLE_MODULES = YES;
				CLANG_ENABLE_OBJC_ARC = YES;
				CLANG_WARN_BOOL_CONVERSION = YES;
				CLANG_WARN_CONSTANT_CONVERSION = YES;
				CLANG_WARN_DIRECT_OBJC_ISA_USAGE = YES_ERROR;
				CLANG_WARN_EMPTY_BODY = YES;
				CLANG_WARN_ENUM_CONVERSION = YES;
				CLANG_WARN_INT_CONVERSION = YES;
				CLANG_WARN_OBJC_ROOT_CLASS = YES_ERROR;
				CLANG_WARN_UNREACHABLE_CODE = YES;
				CLANG_WARN__DUPLICATE_METHOD_MATCH = YES;
				"CODE_SIGN_IDENTITY[sdk=iphoneos*]" = "iPhone Developer";
				COPY_PHASE_STRIP = NO;
				DEBUG_INFORMATION_FORMAT = "dwarf-with-dsym";
				ENABLE_NS_ASSERTIONS = NO;
				ENABLE_STRICT_OBJC_MSGSEND = YES;
				GCC_C_LANGUAGE_STANDARD = gnu99;
				GCC_NO_COMMON_BLOCKS = YES;
				GCC_WARN_64_TO_32_BIT_CONVERSION = YES;
				GCC_WARN_ABOUT_RETURN_TYPE = YES_ERROR;
				GCC_WARN_UNDECLARED_SELECTOR = YES;
				GCC_WARN_UNINITIALIZED_AUTOS = YES_AGGRESSIVE;
				GCC_WARN_UNUSED_FUNCTION = YES;
				GCC_WARN_UNUSED_VARIABLE = YES;
				IPHONEOS_DEPLOYMENT_TARGET = 9.3;
				MTL_ENABLE_DEBUG_INFO = NO;
				SDKROOT = iphoneos;
				TARGETED_DEVICE_FAMILY = "1,2";
				VALIDATE_PRODUCT = YES;
			};
			name = Release;
		};
		CC5123D01D72B6F600C8CC7A /* Debug */ = {
			isa = XCBuildConfiguration;
			buildSettings = {
				ASSETCATALOG_COMPILER_APPICON_NAME = AppIcon;
				INFOPLIST_FILE = Babbel/Info.plist;
				LD_RUNPATH_SEARCH_PATHS = "$(inherited) @executable_path/Frameworks";
				PRODUCT_BUNDLE_IDENTIFIER = com.rajabishek.Babbel;
				PRODUCT_NAME = "$(TARGET_NAME)";
			};
			name = Debug;
		};
		CC5123D11D72B6F600C8CC7A /* Release */ = {
			isa = XCBuildConfiguration;
			buildSettings = {
				ASSETCATALOG_COMPILER_APPICON_NAME = AppIcon;
				INFOPLIST_FILE = Babbel/Info.plist;
				LD_RUNPATH_SEARCH_PATHS = "$(inherited) @executable_path/Frameworks";
				PRODUCT_BUNDLE_IDENTIFIER = com.rajabishek.Babbel;
				PRODUCT_NAME = "$(TARGET_NAME)";
			};
			name = Release;
		};
/* End XCBuildConfiguration section */

/* Begin XCConfigurationList section */
		CC5123B51D72B6F600C8CC7A /* Build configuration list for PBXProject "Babbel" */ = {
			isa = XCConfigurationList;
			buildConfigurations = (
				CC5123CD1D72B6F600C8CC7A /* Debug */,
				CC5123CE1D72B6F600C8CC7A /* Release */,
			);
			defaultConfigurationIsVisible = 0;
			defaultConfigurationName = Release;
		};
		CC5123CF1D72B6F600C8CC7A /* Build configuration list for PBXNativeTarget "Babbel" */ = {
			isa = XCConfigurationList;
			buildConfigurations = (
				CC5123D01D72B6F600C8CC7A /* Debug */,
				CC5123D11D72B6F600C8CC7A /* Release */,
			);
			defaultConfigurationIsVisible = 0;
			defaultConfigurationName = Release;
		};
/* End XCConfigurationList section */

/* Begin XCVersionGroup section */
		CC5123C41D72B6F600C8CC7A /* Babbel.xcdatamodeld */ = {
			isa = XCVersionGroup;
			children = (
				CC5123C51D72B6F600C8CC7A /* Babbel.xcdatamodel */,
			);
			currentVersion = CC5123C51D72B6F600C8CC7A /* Babbel.xcdatamodel */;
			path = Babbel.xcdatamodeld;
			sourceTree = "<group>";
			versionGroupType = wrapper.xcdatamodel;
		};
/* End XCVersionGroup section */
	};
	rootObject = CC5123B21D72B6F600C8CC7A /* Project object */;
}
